
Microsoft Visual Studio Solution File, Format Version 11.00
# Visual Studio 2010
Project("{FAE04EC0-301F-11D3-BF4B-00C04F79EFBC}") = "Assembly-CSharp", "Assembly-CSharp.csproj", "{afd68020-2547-525e-b1b9-821ff4b8db17}"
EndProject
Project("{FAE04EC0-301F-11D3-BF4B-00C04F79EFBC}") = "Assembly-CSharp-Editor", "Assembly-CSharp-Editor.csproj", "{bffc9f3d-0b9d-d04a-d8bb-53fab5083115}"
EndProject
Global
	GlobalSection(SolutionConfigurationPlatforms) = preSolution
		Debug|Any CPU = Debug|Any CPU
	EndGlobalSection
	GlobalSection(ProjectConfigurationPlatforms) = postSolution
		{afd68020-2547-525e-b1b9-821ff4b8db17}.Debug|Any CPU.ActiveCfg = Debug|Any CPU
		{afd68020-2547-525e-b1b9-821ff4b8db17}.Debug|Any CPU.Build.0 = Debug|Any CPU
		{bffc9f3d-0b9d-d04a-d8bb-53fab5083115}.Debug|Any CPU.ActiveCfg = Debug|Any CPU
		{bffc9f3d-0b9d-d04a-d8bb-53fab5083115}.Debug|Any CPU.Build.0 = Debug|Any CPU
	EndGlobalSection
	GlobalSection(SolutionProperties) = preSolution
		HideSolutionNode = FALSE
	EndGlobalSection
EndGlobal
