
Microsoft Visual Studio Solution File, Format Version 11.00
# Visual Studio 2010
Project("{FAE04EC0-301F-11D3-BF4B-00C04F79EFBC}") = "Assembly-CSharp", "Assembly-CSharp.csproj", "{f04ef47d-a3b7-953c-d8ad-31c7fdd56991}"
EndProject
Project("{FAE04EC0-301F-11D3-BF4B-00C04F79EFBC}") = "Assembly-CSharp-Editor", "Assembly-CSharp-Editor.csproj", "{4dc3b534-4c84-aec2-fa36-b9ef29887f59}"
EndProject
Global
	GlobalSection(SolutionConfigurationPlatforms) = preSolution
		Debug|Any CPU = Debug|Any CPU
	EndGlobalSection
	GlobalSection(ProjectConfigurationPlatforms) = postSolution
		{f04ef47d-a3b7-953c-d8ad-31c7fdd56991}.Debug|Any CPU.ActiveCfg = Debug|Any CPU
		{f04ef47d-a3b7-953c-d8ad-31c7fdd56991}.Debug|Any CPU.Build.0 = Debug|Any CPU
		{4dc3b534-4c84-aec2-fa36-b9ef29887f59}.Debug|Any CPU.ActiveCfg = Debug|Any CPU
		{4dc3b534-4c84-aec2-fa36-b9ef29887f59}.Debug|Any CPU.Build.0 = Debug|Any CPU
	EndGlobalSection
	GlobalSection(SolutionProperties) = preSolution
		HideSolutionNode = FALSE
	EndGlobalSection
EndGlobal
